
Microsoft Visual Studio Solution File, Format Version 12.00
# Visual Studio Version 16
VisualStudioVersion = 16.0.29001.49
MinimumVisualStudioVersion = 10.0.40219.1
Project("{8BC9CEB8-8B4A-11D0-8D11-00A0C91BC942}") = "SoftRasterizer", "SoftRasterizer\SoftRasterizer.vcxproj", "{7A49E6E1-2882-4FBD-896E-BAFD5B0DFCF3}"
EndProject
Project("{8BC9CEB8-8B4A-11D0-8D11-00A0C91BC942}") = "Unit-Test-Math", "Math-Unit-Test\Math-Unit-Test.vcxproj", "{9AB06A5D-5040-44A8-AA37-78A7688A7287}"
EndProject
Project("{8BC9CEB8-8B4A-11D0-8D11-00A0C91BC942}") = "Unit-Test-RGBImage", "RGBImage-Unit-Test\RGBImage-Unit-Test.vcxproj", "{DE9B14FC-AA76-40D2-B3A1-8D49043C2675}"
EndProject
Project("{8BC9CEB8-8B4A-11D0-8D11-00A0C91BC942}") = "DrawCubeByOrthogonal", "DrawCubeByOrthogonal\DrawCubeByOrthogonal.vcxproj", "{D5C8C564-DB59-4714-AAE3-6BE3899855CB}"
	ProjectSection(ProjectDependencies) = postProject
		{7A49E6E1-2882-4FBD-896E-BAFD5B0DFCF3} = {7A49E6E1-2882-4FBD-896E-BAFD5B0DFCF3}
	EndProjectSection
EndProject
Project("{8BC9CEB8-8B4A-11D0-8D11-00A0C91BC942}") = "DrawCubeByPerspective", "DrawCubeByPerspective\DrawCubeByPerspective.vcxproj", "{187E84C5-F4C1-472D-BEEF-0FE65192D483}"
	ProjectSection(ProjectDependencies) = postProject
		{7A49E6E1-2882-4FBD-896E-BAFD5B0DFCF3} = {7A49E6E1-2882-4FBD-896E-BAFD5B0DFCF3}
	EndProjectSection
EndProject
Project("{8BC9CEB8-8B4A-11D0-8D11-00A0C91BC942}") = "DrawTextureCube", "DrawTextureCube\DrawTextureCube.vcxproj", "{883FC3FE-82D7-4035-BD12-577004E93F2B}"
	ProjectSection(ProjectDependencies) = postProject
		{7A49E6E1-2882-4FBD-896E-BAFD5B0DFCF3} = {7A49E6E1-2882-4FBD-896E-BAFD5B0DFCF3}
	EndProjectSection
EndProject
Project("{8BC9CEB8-8B4A-11D0-8D11-00A0C91BC942}") = "Unit-Test-Geometry", "Unit-Test-Geometry\Unit-Test-Geometry.vcxproj", "{9DD54BA2-3710-4536-B917-C947A2682EB5}"
EndProject
Project("{8BC9CEB8-8B4A-11D0-8D11-00A0C91BC942}") = "DrawSphereByWireFrame", "DrawSphereByWireFrame\DrawSphereByWireFrame.vcxproj", "{0A03FF02-80DF-4969-BA1C-53FB7DADE830}"
	ProjectSection(ProjectDependencies) = postProject
		{7A49E6E1-2882-4FBD-896E-BAFD5B0DFCF3} = {7A49E6E1-2882-4FBD-896E-BAFD5B0DFCF3}
	EndProjectSection
EndProject
Project("{8BC9CEB8-8B4A-11D0-8D11-00A0C91BC942}") = "DrawSphereByGouraudShading", "DrawSphereByGouraudShading\DrawSphereByGouraudShading.vcxproj", "{B184F922-E244-4148-8A53-E84C2C0CFA8C}"
	ProjectSection(ProjectDependencies) = postProject
		{7A49E6E1-2882-4FBD-896E-BAFD5B0DFCF3} = {7A49E6E1-2882-4FBD-896E-BAFD5B0DFCF3}
	EndProjectSection
EndProject
Project("{8BC9CEB8-8B4A-11D0-8D11-00A0C91BC942}") = "DrawSphereByPhoneShading", "DrawSphereByPhoneShading\DrawSphereByPhoneShading.vcxproj", "{A4835F45-E80F-40CD-A62A-1AADC692A792}"
EndProject
Global
	GlobalSection(SolutionConfigurationPlatforms) = preSolution
		Debug|x64 = Debug|x64
		Debug|x86 = Debug|x86
		Release|x64 = Release|x64
		Release|x86 = Release|x86
	EndGlobalSection
	GlobalSection(ProjectConfigurationPlatforms) = postSolution
		{7A49E6E1-2882-4FBD-896E-BAFD5B0DFCF3}.Debug|x64.ActiveCfg = Debug|x64
		{7A49E6E1-2882-4FBD-896E-BAFD5B0DFCF3}.Debug|x64.Build.0 = Debug|x64
		{7A49E6E1-2882-4FBD-896E-BAFD5B0DFCF3}.Debug|x86.ActiveCfg = Debug|Win32
		{7A49E6E1-2882-4FBD-896E-BAFD5B0DFCF3}.Debug|x86.Build.0 = Debug|Win32
		{7A49E6E1-2882-4FBD-896E-BAFD5B0DFCF3}.Release|x64.ActiveCfg = Release|x64
		{7A49E6E1-2882-4FBD-896E-BAFD5B0DFCF3}.Release|x64.Build.0 = Release|x64
		{7A49E6E1-2882-4FBD-896E-BAFD5B0DFCF3}.Release|x86.ActiveCfg = Release|Win32
		{7A49E6E1-2882-4FBD-896E-BAFD5B0DFCF3}.Release|x86.Build.0 = Release|Win32
		{9AB06A5D-5040-44A8-AA37-78A7688A7287}.Debug|x64.ActiveCfg = Debug|x64
		{9AB06A5D-5040-44A8-AA37-78A7688A7287}.Debug|x64.Build.0 = Debug|x64
		{9AB06A5D-5040-44A8-AA37-78A7688A7287}.Debug|x86.ActiveCfg = Debug|Win32
		{9AB06A5D-5040-44A8-AA37-78A7688A7287}.Debug|x86.Build.0 = Debug|Win32
		{9AB06A5D-5040-44A8-AA37-78A7688A7287}.Release|x64.ActiveCfg = Release|x64
		{9AB06A5D-5040-44A8-AA37-78A7688A7287}.Release|x64.Build.0 = Release|x64
		{9AB06A5D-5040-44A8-AA37-78A7688A7287}.Release|x86.ActiveCfg = Release|Win32
		{9AB06A5D-5040-44A8-AA37-78A7688A7287}.Release|x86.Build.0 = Release|Win32
		{DE9B14FC-AA76-40D2-B3A1-8D49043C2675}.Debug|x64.ActiveCfg = Debug|x64
		{DE9B14FC-AA76-40D2-B3A1-8D49043C2675}.Debug|x64.Build.0 = Debug|x64
		{DE9B14FC-AA76-40D2-B3A1-8D49043C2675}.Debug|x86.ActiveCfg = Debug|Win32
		{DE9B14FC-AA76-40D2-B3A1-8D49043C2675}.Debug|x86.Build.0 = Debug|Win32
		{DE9B14FC-AA76-40D2-B3A1-8D49043C2675}.Release|x64.ActiveCfg = Release|x64
		{DE9B14FC-AA76-40D2-B3A1-8D49043C2675}.Release|x64.Build.0 = Release|x64
		{DE9B14FC-AA76-40D2-B3A1-8D49043C2675}.Release|x86.ActiveCfg = Release|Win32
		{DE9B14FC-AA76-40D2-B3A1-8D49043C2675}.Release|x86.Build.0 = Release|Win32
		{D5C8C564-DB59-4714-AAE3-6BE3899855CB}.Debug|x64.ActiveCfg = Debug|x64
		{D5C8C564-DB59-4714-AAE3-6BE3899855CB}.Debug|x64.Build.0 = Debug|x64
		{D5C8C564-DB59-4714-AAE3-6BE3899855CB}.Debug|x86.ActiveCfg = Debug|Win32
		{D5C8C564-DB59-4714-AAE3-6BE3899855CB}.Debug|x86.Build.0 = Debug|Win32
		{D5C8C564-DB59-4714-AAE3-6BE3899855CB}.Release|x64.ActiveCfg = Release|x64
		{D5C8C564-DB59-4714-AAE3-6BE3899855CB}.Release|x64.Build.0 = Release|x64
		{D5C8C564-DB59-4714-AAE3-6BE3899855CB}.Release|x86.ActiveCfg = Release|Win32
		{D5C8C564-DB59-4714-AAE3-6BE3899855CB}.Release|x86.Build.0 = Release|Win32
		{187E84C5-F4C1-472D-BEEF-0FE65192D483}.Debug|x64.ActiveCfg = Debug|x64
		{187E84C5-F4C1-472D-BEEF-0FE65192D483}.Debug|x64.Build.0 = Debug|x64
		{187E84C5-F4C1-472D-BEEF-0FE65192D483}.Debug|x86.ActiveCfg = Debug|Win32
		{187E84C5-F4C1-472D-BEEF-0FE65192D483}.Debug|x86.Build.0 = Debug|Win32
		{187E84C5-F4C1-472D-BEEF-0FE65192D483}.Release|x64.ActiveCfg = Release|x64
		{187E84C5-F4C1-472D-BEEF-0FE65192D483}.Release|x64.Build.0 = Release|x64
		{187E84C5-F4C1-472D-BEEF-0FE65192D483}.Release|x86.ActiveCfg = Release|Win32
		{187E84C5-F4C1-472D-BEEF-0FE65192D483}.Release|x86.Build.0 = Release|Win32
		{883FC3FE-82D7-4035-BD12-577004E93F2B}.Debug|x64.ActiveCfg = Debug|x64
		{883FC3FE-82D7-4035-BD12-577004E93F2B}.Debug|x64.Build.0 = Debug|x64
		{883FC3FE-82D7-4035-BD12-577004E93F2B}.Debug|x86.ActiveCfg = Debug|Win32
		{883FC3FE-82D7-4035-BD12-577004E93F2B}.Debug|x86.Build.0 = Debug|Win32
		{883FC3FE-82D7-4035-BD12-577004E93F2B}.Release|x64.ActiveCfg = Release|x64
		{883FC3FE-82D7-4035-BD12-577004E93F2B}.Release|x64.Build.0 = Release|x64
		{883FC3FE-82D7-4035-BD12-577004E93F2B}.Release|x86.ActiveCfg = Release|Win32
		{883FC3FE-82D7-4035-BD12-577004E93F2B}.Release|x86.Build.0 = Release|Win32
		{9DD54BA2-3710-4536-B917-C947A2682EB5}.Debug|x64.ActiveCfg = Debug|x64
		{9DD54BA2-3710-4536-B917-C947A2682EB5}.Debug|x64.Build.0 = Debug|x64
		{9DD54BA2-3710-4536-B917-C947A2682EB5}.Debug|x86.ActiveCfg = Debug|Win32
		{9DD54BA2-3710-4536-B917-C947A2682EB5}.Debug|x86.Build.0 = Debug|Win32
		{9DD54BA2-3710-4536-B917-C947A2682EB5}.Release|x64.ActiveCfg = Release|x64
		{9DD54BA2-3710-4536-B917-C947A2682EB5}.Release|x64.Build.0 = Release|x64
		{9DD54BA2-3710-4536-B917-C947A2682EB5}.Release|x86.ActiveCfg = Release|Win32
		{9DD54BA2-3710-4536-B917-C947A2682EB5}.Release|x86.Build.0 = Release|Win32
		{0A03FF02-80DF-4969-BA1C-53FB7DADE830}.Debug|x64.ActiveCfg = Debug|x64
		{0A03FF02-80DF-4969-BA1C-53FB7DADE830}.Debug|x64.Build.0 = Debug|x64
		{0A03FF02-80DF-4969-BA1C-53FB7DADE830}.Debug|x86.ActiveCfg = Debug|Win32
		{0A03FF02-80DF-4969-BA1C-53FB7DADE830}.Debug|x86.Build.0 = Debug|Win32
		{0A03FF02-80DF-4969-BA1C-53FB7DADE830}.Release|x64.ActiveCfg = Release|x64
		{0A03FF02-80DF-4969-BA1C-53FB7DADE830}.Release|x64.Build.0 = Release|x64
		{0A03FF02-80DF-4969-BA1C-53FB7DADE830}.Release|x86.ActiveCfg = Release|Win32
		{0A03FF02-80DF-4969-BA1C-53FB7DADE830}.Release|x86.Build.0 = Release|Win32
		{B184F922-E244-4148-8A53-E84C2C0CFA8C}.Debug|x64.ActiveCfg = Debug|x64
		{B184F922-E244-4148-8A53-E84C2C0CFA8C}.Debug|x64.Build.0 = Debug|x64
		{B184F922-E244-4148-8A53-E84C2C0CFA8C}.Debug|x86.ActiveCfg = Debug|Win32
		{B184F922-E244-4148-8A53-E84C2C0CFA8C}.Debug|x86.Build.0 = Debug|Win32
		{B184F922-E244-4148-8A53-E84C2C0CFA8C}.Release|x64.ActiveCfg = Release|x64
		{B184F922-E244-4148-8A53-E84C2C0CFA8C}.Release|x64.Build.0 = Release|x64
		{B184F922-E244-4148-8A53-E84C2C0CFA8C}.Release|x86.ActiveCfg = Release|Win32
		{B184F922-E244-4148-8A53-E84C2C0CFA8C}.Release|x86.Build.0 = Release|Win32
		{A4835F45-E80F-40CD-A62A-1AADC692A792}.Debug|x64.ActiveCfg = Debug|x64
		{A4835F45-E80F-40CD-A62A-1AADC692A792}.Debug|x64.Build.0 = Debug|x64
		{A4835F45-E80F-40CD-A62A-1AADC692A792}.Debug|x86.ActiveCfg = Debug|Win32
		{A4835F45-E80F-40CD-A62A-1AADC692A792}.Debug|x86.Build.0 = Debug|Win32
		{A4835F45-E80F-40CD-A62A-1AADC692A792}.Release|x64.ActiveCfg = Release|x64
		{A4835F45-E80F-40CD-A62A-1AADC692A792}.Release|x64.Build.0 = Release|x64
		{A4835F45-E80F-40CD-A62A-1AADC692A792}.Release|x86.ActiveCfg = Release|Win32
		{A4835F45-E80F-40CD-A62A-1AADC692A792}.Release|x86.Build.0 = Release|Win32
	EndGlobalSection
	GlobalSection(SolutionProperties) = preSolution
		HideSolutionNode = FALSE
	EndGlobalSection
	GlobalSection(ExtensibilityGlobals) = postSolution
		SolutionGuid = {6EC958BC-B416-4671-AEB4-C3D2D9BA7D40}
	EndGlobalSection
EndGlobal
